
Microsoft Visual Studio Solution File, Format Version 12.00
# Visual Studio Version 16
VisualStudioVersion = 16.0.29424.173
MinimumVisualStudioVersion = 10.0.40219.1
Project("{8BC9CEB8-8B4A-11D0-8D11-00A0C91BC942}") = "ZR", "ZR\ZR.vcxproj", "{AF323613-33DE-45D0-AC99-8E1FAE0726DD}"
EndProject
Global
	GlobalSection(SolutionConfigurationPlatforms) = preSolution
		Debug|x64 = Debug|x64
		Debug|x86 = Debug|x86
		Release|x64 = Release|x64
		Release|x86 = Release|x86
	EndGlobalSection
	GlobalSection(ProjectConfigurationPlatforms) = postSolution
		{AF323613-33DE-45D0-AC99-8E1FAE0726DD}.Debug|x64.ActiveCfg = Debug|x64
		{AF323613-33DE-45D0-AC99-8E1FAE0726DD}.Debug|x64.Build.0 = Debug|x64
		{AF323613-33DE-45D0-AC99-8E1FAE0726DD}.Debug|x86.ActiveCfg = Debug|Win32
		{AF323613-33DE-45D0-AC99-8E1FAE0726DD}.Debug|x86.Build.0 = Debug|Win32
		{AF323613-33DE-45D0-AC99-8E1FAE0726DD}.Release|x64.ActiveCfg = Release|x64
		{AF323613-33DE-45D0-AC99-8E1FAE0726DD}.Release|x64.Build.0 = Release|x64
		{AF323613-33DE-45D0-AC99-8E1FAE0726DD}.Release|x86.ActiveCfg = Release|Win32
		{AF323613-33DE-45D0-AC99-8E1FAE0726DD}.Release|x86.Build.0 = Release|Win32
	EndGlobalSection
	GlobalSection(SolutionProperties) = preSolution
		HideSolutionNode = FALSE
	EndGlobalSection
	GlobalSection(ExtensibilityGlobals) = postSolution
		SolutionGuid = {FF3616A1-8D2B-4EE8-8412-B930BD843843}
	EndGlobalSection
EndGlobal
